
Microsoft Visual Studio Solution File, Format Version 12.00
# Visual Studio Version 16
VisualStudioVersion = 16.0.29123.88
MinimumVisualStudioVersion = 10.0.40219.1
Project("{FAE04EC0-301F-11D3-BF4B-00C04F79EFBC}") = "Amazon Automation", "AutomationTryOut\Amazon Automation.csproj", "{8F270467-D1EE-451A-8DF8-B370F3B99E07}"
EndProject
Global
	GlobalSection(SolutionConfigurationPlatforms) = preSolution
		Debug|Any CPU = Debug|Any CPU
		Release|Any CPU = Release|Any CPU
	EndGlobalSection
	GlobalSection(ProjectConfigurationPlatforms) = postSolution
		{8F270467-D1EE-451A-8DF8-B370F3B99E07}.Debug|Any CPU.ActiveCfg = Debug|Any CPU
		{8F270467-D1EE-451A-8DF8-B370F3B99E07}.Debug|Any CPU.Build.0 = Debug|Any CPU
		{8F270467-D1EE-451A-8DF8-B370F3B99E07}.Release|Any CPU.ActiveCfg = Release|Any CPU
		{8F270467-D1EE-451A-8DF8-B370F3B99E07}.Release|Any CPU.Build.0 = Release|Any CPU
	EndGlobalSection
	GlobalSection(SolutionProperties) = preSolution
		HideSolutionNode = FALSE
	EndGlobalSection
	GlobalSection(ExtensibilityGlobals) = postSolution
		SolutionGuid = {06E5F48C-792C-4FF2-B43A-D03ABB4791B7}
	EndGlobalSection
EndGlobal
